
Microsoft Visual Studio Solution File, Format Version 12.00
# Visual Studio 15
VisualStudioVersion = 15.0.27130.2020
MinimumVisualStudioVersion = 10.0.40219.1
Project("{FAE04EC0-301F-11D3-BF4B-00C04F79EFBC}") = "Compiler", "Compiler\Compiler.csproj", "{48ED32A1-1B97-4AAF-A50D-C4F6F4C49593}"
EndProject
Project("{FAE04EC0-301F-11D3-BF4B-00C04F79EFBC}") = "CompilerTests", "CompilerTests\CompilerTests.csproj", "{61BA9774-FDD3-4B14-BD43-D03FC06348EA}"
EndProject
Project("{2150E333-8FDC-42A3-9474-1A3956D46DE8}") = "Solution Items", "Solution Items", "{100C04A3-C2DF-44BC-B891-7DD4065214C7}"
	ProjectSection(SolutionItems) = preProject
		Program.arrow = Program.arrow
	EndProjectSection
EndProject
Project("{FAE04EC0-301F-11D3-BF4B-00C04F79EFBC}") = "CSharpExample", "CSharpExample\CSharpExample.csproj", "{C58A321D-8FC5-4D12-9F87-D0BB4210C7C8}"
EndProject
Project("{FAE04EC0-301F-11D3-BF4B-00C04F79EFBC}") = "Arrow.Definition", "Arrow.Definition\Arrow.Definition.csproj", "{EA142264-2674-4177-A96D-61EF56762EFE}"
EndProject
Project("{FAE04EC0-301F-11D3-BF4B-00C04F79EFBC}") = "IL.OutputDefiniton", "IL.OutputDefiniton\IL.OutputDefiniton.csproj", "{310EBFD3-7065-437C-B5B6-F5E86E996CB6}"
EndProject
Project("{FAE04EC0-301F-11D3-BF4B-00C04F79EFBC}") = "Arrow.Core", "Arrow.Core\Arrow.Core.csproj", "{CDC36CCC-99CB-4462-B9D3-4889F57C5F47}"
EndProject
Global
	GlobalSection(SolutionConfigurationPlatforms) = preSolution
		Debug|Any CPU = Debug|Any CPU
		Release|Any CPU = Release|Any CPU
	EndGlobalSection
	GlobalSection(ProjectConfigurationPlatforms) = postSolution
		{48ED32A1-1B97-4AAF-A50D-C4F6F4C49593}.Debug|Any CPU.ActiveCfg = Debug|Any CPU
		{48ED32A1-1B97-4AAF-A50D-C4F6F4C49593}.Debug|Any CPU.Build.0 = Debug|Any CPU
		{48ED32A1-1B97-4AAF-A50D-C4F6F4C49593}.Release|Any CPU.ActiveCfg = Release|Any CPU
		{48ED32A1-1B97-4AAF-A50D-C4F6F4C49593}.Release|Any CPU.Build.0 = Release|Any CPU
		{61BA9774-FDD3-4B14-BD43-D03FC06348EA}.Debug|Any CPU.ActiveCfg = Debug|Any CPU
		{61BA9774-FDD3-4B14-BD43-D03FC06348EA}.Debug|Any CPU.Build.0 = Debug|Any CPU
		{61BA9774-FDD3-4B14-BD43-D03FC06348EA}.Release|Any CPU.ActiveCfg = Release|Any CPU
		{61BA9774-FDD3-4B14-BD43-D03FC06348EA}.Release|Any CPU.Build.0 = Release|Any CPU
		{C58A321D-8FC5-4D12-9F87-D0BB4210C7C8}.Debug|Any CPU.ActiveCfg = Debug|Any CPU
		{C58A321D-8FC5-4D12-9F87-D0BB4210C7C8}.Debug|Any CPU.Build.0 = Debug|Any CPU
		{C58A321D-8FC5-4D12-9F87-D0BB4210C7C8}.Release|Any CPU.ActiveCfg = Release|Any CPU
		{C58A321D-8FC5-4D12-9F87-D0BB4210C7C8}.Release|Any CPU.Build.0 = Release|Any CPU
		{EA142264-2674-4177-A96D-61EF56762EFE}.Debug|Any CPU.ActiveCfg = Debug|Any CPU
		{EA142264-2674-4177-A96D-61EF56762EFE}.Debug|Any CPU.Build.0 = Debug|Any CPU
		{EA142264-2674-4177-A96D-61EF56762EFE}.Release|Any CPU.ActiveCfg = Release|Any CPU
		{EA142264-2674-4177-A96D-61EF56762EFE}.Release|Any CPU.Build.0 = Release|Any CPU
		{310EBFD3-7065-437C-B5B6-F5E86E996CB6}.Debug|Any CPU.ActiveCfg = Debug|Any CPU
		{310EBFD3-7065-437C-B5B6-F5E86E996CB6}.Debug|Any CPU.Build.0 = Debug|Any CPU
		{310EBFD3-7065-437C-B5B6-F5E86E996CB6}.Release|Any CPU.ActiveCfg = Release|Any CPU
		{310EBFD3-7065-437C-B5B6-F5E86E996CB6}.Release|Any CPU.Build.0 = Release|Any CPU
		{CDC36CCC-99CB-4462-B9D3-4889F57C5F47}.Debug|Any CPU.ActiveCfg = Debug|Any CPU
		{CDC36CCC-99CB-4462-B9D3-4889F57C5F47}.Debug|Any CPU.Build.0 = Debug|Any CPU
		{CDC36CCC-99CB-4462-B9D3-4889F57C5F47}.Release|Any CPU.ActiveCfg = Release|Any CPU
		{CDC36CCC-99CB-4462-B9D3-4889F57C5F47}.Release|Any CPU.Build.0 = Release|Any CPU
	EndGlobalSection
	GlobalSection(SolutionProperties) = preSolution
		HideSolutionNode = FALSE
	EndGlobalSection
	GlobalSection(ExtensibilityGlobals) = postSolution
		SolutionGuid = {08AEA5EF-5FD4-42D0-8A53-BBAD73CFFB8F}
	EndGlobalSection
EndGlobal
